{
  "version": "5",
  "specifiers": {
    "jsr:@cross/runtime@1.0": "1.0.0",
    "jsr:@cross/test@^0.0.14": "0.0.14",
    "jsr:@std/assert@1": "1.0.14",
    "jsr:@std/collections@^1.1.3": "1.1.3",
    "jsr:@std/fs@*": "1.0.19",
    "jsr:@std/internal@^1.0.10": "1.0.10",
    "jsr:@std/internal@^1.0.9": "1.0.10",
    "jsr:@std/path@^1.1.1": "1.1.1",
    "jsr:@std/toml@1": "1.0.9",
    "jsr:@std/yaml@1": "1.0.9",
    "npm:@types/node@*": "18.16.19",
    "npm:cronstrue@*": "2.50.0",
    "npm:fs-fixture@^2.8.1": "2.8.1",
    "npm:type-fest@5": "5.2.0"
  },
  "jsr": {
    "@cross/runtime@1.0.0": {
      "integrity": "dddecdf99182df13d50279d1e473f715e83d41961c5c22edd7bb0c4c3cf8a76a"
    },
    "@cross/test@0.0.14": {
      "integrity": "3af2cf23e39f97156d21da4b21373407735343493e333f33eaeceedce511a7f9",
      "dependencies": [
        "jsr:@cross/runtime"
      ]
    },
    "@std/assert@1.0.14": {
      "integrity": "68d0d4a43b365abc927f45a9b85c639ea18a9fab96ad92281e493e4ed84abaa4",
      "dependencies": [
        "jsr:@std/internal@^1.0.10"
      ]
    },
    "@std/collections@1.1.3": {
      "integrity": "bf8b0818886df6a32b64c7d3b037a425111f28278d69fd0995aeb62777c986b0"
    },
    "@std/fs@1.0.19": {
      "integrity": "051968c2b1eae4d2ea9f79a08a3845740ef6af10356aff43d3e2ef11ed09fb06",
      "dependencies": [
        "jsr:@std/internal@^1.0.9",
        "jsr:@std/path"
      ]
    },
    "@std/internal@1.0.10": {
      "integrity": "e3be62ce42cab0e177c27698e5d9800122f67b766a0bea6ca4867886cbde8cf7"
    },
    "@std/path@1.1.1": {
      "integrity": "fe00026bd3a7e6a27f73709b83c607798be40e20c81dde655ce34052fd82ec76",
      "dependencies": [
        "jsr:@std/internal@^1.0.9"
      ]
    },
    "@std/toml@1.0.9": {
      "integrity": "1629147c2edbffd71be6ab66cf90d3b27e59ca314067e58649e0626979383b83",
      "dependencies": [
        "jsr:@std/collections"
      ]
    },
    "@std/yaml@1.0.9": {
      "integrity": "6bad3dc766dd85b4b37eabcba81b6aa4eac7a392792ae29abcfb0f90602d55bb"
    }
  },
  "npm": {
    "@types/node@18.16.19": {
      "integrity": "sha512-IXl7o+R9iti9eBW4Wg2hx1xQDig183jj7YLn8F7udNceyfkbn1ZxmzZXuak20gR40D7pIkIY1kYGx5VIGbaHKA=="
    },
    "cronstrue@2.50.0": {
      "integrity": "sha512-ULYhWIonJzlScCCQrPUG5uMXzXxSixty4djud9SS37DoNxDdkeRocxzHuAo4ImRBUK+mAuU5X9TSwEDccnnuPg==",
      "bin": true
    },
    "fs-fixture@2.8.1": {
      "integrity": "sha512-C0xA7XvqZBbbOgitWcMDstfih8GaOPEyXfvNefmV7+1573TCnFQ6hAJEUEzH2LVrscONLh73rvayNfa/m9PMgw=="
    },
    "tagged-tag@1.0.0": {
      "integrity": "sha512-yEFYrVhod+hdNyx7g5Bnkkb0G6si8HJurOoOEgC8B/O0uXLHlaey/65KRv6cuWBNhBgHKAROVpc7QyYqE5gFng=="
    },
    "type-fest@5.2.0": {
      "integrity": "sha512-xxCJm+Bckc6kQBknN7i9fnP/xobQRsRQxR01CztFkp/h++yfVxUUcmMgfR2HttJx/dpWjS9ubVuyspJv24Q9DA==",
      "dependencies": [
        "tagged-tag"
      ]
    }
  },
  "workspace": {
    "dependencies": [
      "jsr:@cross/test@^0.0.14",
      "jsr:@std/assert@1",
      "jsr:@std/toml@1",
      "jsr:@std/yaml@1",
      "npm:fs-fixture@^2.8.1",
      "npm:type-fest@5"
    ]
  }
}
