{
  "version": "3",
  "packages": {
    "specifiers": {
      "jsr:@cross/runtime@^1.0.0": "jsr:@cross/runtime@1.0.0",
      "jsr:@cross/test@^0.0.9": "jsr:@cross/test@0.0.9",
      "jsr:@std/assert@^1.0.0": "jsr:@std/assert@1.0.6",
      "jsr:@std/bytes@^1.0.2": "jsr:@std/bytes@1.0.2",
      "jsr:@std/collections@^1.0.5": "jsr:@std/collections@1.0.5",
      "jsr:@std/internal@^1.0.4": "jsr:@std/internal@1.0.4",
      "jsr:@std/json@^1.0.0": "jsr:@std/json@1.0.0",
      "jsr:@std/jsonc@^1.0.0": "jsr:@std/jsonc@1.0.1",
      "jsr:@std/streams@^1.0.0": "jsr:@std/streams@1.0.3",
      "jsr:@std/toml@^1.0.0": "jsr:@std/toml@1.0.1",
      "jsr:@std/yaml@^1.0.0": "jsr:@std/yaml@1.0.5",
      "npm:@types/node": "npm:@types/node@18.16.19",
      "npm:cronstrue": "npm:cronstrue@2.50.0",
      "npm:jsonc-parser@^3.2.1": "npm:jsonc-parser@3.3.1"
    },
    "jsr": {
      "@cross/runtime@1.0.0": {
        "integrity": "dddecdf99182df13d50279d1e473f715e83d41961c5c22edd7bb0c4c3cf8a76a"
      },
      "@cross/test@0.0.9": {
        "integrity": "2aa8237a96a2f8f51ccc8fec71135616d223bf4f38dd89ba4f863037c85ddc56",
        "dependencies": [
          "jsr:@cross/runtime@^1.0.0"
        ]
      },
      "@std/assert@1.0.6": {
        "integrity": "1904c05806a25d94fe791d6d883b685c9e2dcd60e4f9fc30f4fc5cf010c72207",
        "dependencies": [
          "jsr:@std/internal@^1.0.4"
        ]
      },
      "@std/bytes@1.0.2": {
        "integrity": "fbdee322bbd8c599a6af186a1603b3355e59a5fb1baa139f8f4c3c9a1b3e3d57"
      },
      "@std/collections@1.0.5": {
        "integrity": "ab9eac23b57a0c0b89ba45134e61561f69f3d001f37235a248ed40be260c0c10"
      },
      "@std/internal@1.0.4": {
        "integrity": "62e8e4911527e5e4f307741a795c0b0a9e6958d0b3790716ae71ce085f755422"
      },
      "@std/json@1.0.0": {
        "integrity": "985c1e544918d42e4e84072fc739ac4a19c3a5093292c99742ffcdd03fb6a268",
        "dependencies": [
          "jsr:@std/streams@^1.0.0"
        ]
      },
      "@std/jsonc@1.0.1": {
        "integrity": "6b36956e2a7cbb08ca5ad7fbec72e661e6217c202f348496ea88747636710dda",
        "dependencies": [
          "jsr:@std/json@^1.0.0"
        ]
      },
      "@std/streams@1.0.3": {
        "integrity": "d62e645ab981cee2c3d03040eb03cf387fc6bceef6d4564f3ed485a43741a81f",
        "dependencies": [
          "jsr:@std/bytes@^1.0.2"
        ]
      },
      "@std/toml@1.0.1": {
        "integrity": "b55b407159930f338d384b1f8fd317c8e8a35e27ebb8946155f49e3a158d16c4",
        "dependencies": [
          "jsr:@std/collections@^1.0.5"
        ]
      },
      "@std/yaml@1.0.5": {
        "integrity": "71ba3d334305ee2149391931508b2c293a8490f94a337eef3a09cade1a2a2742"
      }
    },
    "npm": {
      "@types/node@18.16.19": {
        "integrity": "sha512-IXl7o+R9iti9eBW4Wg2hx1xQDig183jj7YLn8F7udNceyfkbn1ZxmzZXuak20gR40D7pIkIY1kYGx5VIGbaHKA==",
        "dependencies": {}
      },
      "cronstrue@2.50.0": {
        "integrity": "sha512-ULYhWIonJzlScCCQrPUG5uMXzXxSixty4djud9SS37DoNxDdkeRocxzHuAo4ImRBUK+mAuU5X9TSwEDccnnuPg==",
        "dependencies": {}
      },
      "jsonc-parser@3.3.1": {
        "integrity": "sha512-HUgH65KyejrUFPvHFPbqOY0rsFip3Bo5wb4ngvdi1EpCYWUQDC5V+Y7mZws+DLkr4M//zQJoanu1SP+87Dv1oQ==",
        "dependencies": {}
      }
    }
  },
  "remote": {},
  "workspace": {
    "dependencies": [
      "jsr:@cross/test@^0.0.9",
      "jsr:@std/assert@^1.0.0",
      "jsr:@std/jsonc@^1.0.0",
      "jsr:@std/toml@^1.0.0",
      "jsr:@std/yaml@^1.0.0",
      "npm:jsonc-parser@^3.2.1"
    ]
  }
}
