{
  "version": "3",
  "packages": {
    "specifiers": {
      "jsr:@cross/runtime@^1.0.0": "jsr:@cross/runtime@1.0.0",
      "jsr:@cross/test@^0.0.9": "jsr:@cross/test@0.0.9",
      "jsr:@std/assert@^0.226.0": "jsr:@std/assert@0.226.0",
      "jsr:@std/collections@^1.0.0-rc.1": "jsr:@std/collections@1.0.0-rc.1",
      "jsr:@std/internal@^1.0.0": "jsr:@std/internal@1.0.0",
      "jsr:@std/json@^0.224.1": "jsr:@std/json@0.224.1",
      "jsr:@std/jsonc@^0.224.2": "jsr:@std/jsonc@0.224.2",
      "jsr:@std/toml@^0.224.1": "jsr:@std/toml@0.224.1",
      "npm:@types/node": "npm:@types/node@18.16.19",
      "npm:cronstrue": "npm:cronstrue@2.50.0",
      "npm:jsonc-parser@^3.2.1": "npm:jsonc-parser@3.2.1"
    },
    "jsr": {
      "@cross/runtime@1.0.0": {
        "integrity": "dddecdf99182df13d50279d1e473f715e83d41961c5c22edd7bb0c4c3cf8a76a"
      },
      "@cross/test@0.0.9": {
        "integrity": "2aa8237a96a2f8f51ccc8fec71135616d223bf4f38dd89ba4f863037c85ddc56",
        "dependencies": [
          "jsr:@cross/runtime@^1.0.0"
        ]
      },
      "@std/assert@0.226.0": {
        "integrity": "0dfb5f7c7723c18cec118e080fec76ce15b4c31154b15ad2bd74822603ef75b3",
        "dependencies": [
          "jsr:@std/internal@^1.0.0"
        ]
      },
      "@std/collections@1.0.0-rc.1": {
        "integrity": "e69fa667e4bede8f1013be9fb48915e564707a2b054848ca4a4da1f3f10251d9"
      },
      "@std/internal@1.0.0": {
        "integrity": "ac6a6dfebf838582c4b4f61a6907374e27e05bedb6ce276e0f1608fe84e7cd9a"
      },
      "@std/json@0.224.1": {
        "integrity": "2a18a8000707190e467f94b2732f6f88a3094db823765d8c58925bb5efeac29a"
      },
      "@std/jsonc@0.224.2": {
        "integrity": "b7344f8c5ea95394a8421c6060324717c6922661ca26a9f9d0ac5803689739ab",
        "dependencies": [
          "jsr:@std/json@^0.224.1"
        ]
      },
      "@std/toml@0.224.1": {
        "integrity": "c364b9ca3b18207223c4e2a1f652ef2970ff80967f7575ddf89b6b0565a17148",
        "dependencies": [
          "jsr:@std/collections@^1.0.0-rc.1"
        ]
      }
    },
    "npm": {
      "@types/node@18.16.19": {
        "integrity": "sha512-IXl7o+R9iti9eBW4Wg2hx1xQDig183jj7YLn8F7udNceyfkbn1ZxmzZXuak20gR40D7pIkIY1kYGx5VIGbaHKA==",
        "dependencies": {}
      },
      "cronstrue@2.50.0": {
        "integrity": "sha512-ULYhWIonJzlScCCQrPUG5uMXzXxSixty4djud9SS37DoNxDdkeRocxzHuAo4ImRBUK+mAuU5X9TSwEDccnnuPg==",
        "dependencies": {}
      },
      "jsonc-parser@3.2.1": {
        "integrity": "sha512-AilxAyFOAcK5wA1+LeaySVBrHsGQvUFCDWXKpZjzaL0PqW+xfBOttn8GNtWKFWqneyMZj41MWF9Kl6iPWLwgOA==",
        "dependencies": {}
      }
    }
  },
  "remote": {},
  "workspace": {
    "dependencies": [
      "jsr:@cross/test@^0.0.9",
      "jsr:@std/assert@^0.226.0",
      "jsr:@std/jsonc@^0.224.2",
      "jsr:@std/toml@^0.224.1",
      "npm:jsonc-parser@^3.2.1"
    ]
  }
}
